
Microsoft Visual Studio Solution File, Format Version 12.00
# Visual Studio Version 17
VisualStudioVersion = 17.4.33205.214
MinimumVisualStudioVersion = 10.0.40219.1
Project("{9A19103F-16F7-4668-BE54-9A1E7A4F7556}") = "back", "test_connect\back.csproj", "{CCA86E8A-E9A2-4F3C-88ED-DE4B5B2466E4}"
EndProject
Global
	GlobalSection(SolutionConfigurationPlatforms) = preSolution
		Debug|Any CPU = Debug|Any CPU
		Release|Any CPU = Release|Any CPU
	EndGlobalSection
	GlobalSection(ProjectConfigurationPlatforms) = postSolution
		{CCA86E8A-E9A2-4F3C-88ED-DE4B5B2466E4}.Debug|Any CPU.ActiveCfg = Debug|Any CPU
		{CCA86E8A-E9A2-4F3C-88ED-DE4B5B2466E4}.Debug|Any CPU.Build.0 = Debug|Any CPU
		{CCA86E8A-E9A2-4F3C-88ED-DE4B5B2466E4}.Release|Any CPU.ActiveCfg = Release|Any CPU
		{CCA86E8A-E9A2-4F3C-88ED-DE4B5B2466E4}.Release|Any CPU.Build.0 = Release|Any CPU
	EndGlobalSection
	GlobalSection(SolutionProperties) = preSolution
		HideSolutionNode = FALSE
	EndGlobalSection
	GlobalSection(ExtensibilityGlobals) = postSolution
		SolutionGuid = {110A8169-B9F2-498B-9E82-1AF3B288E452}
	EndGlobalSection
EndGlobal
